// !$*UTF8*$!
{
	archiveVersion = 1;
	classes = {
	};
	objectVersion = 55;
	objects = {

/* Begin PBXBuildFile section */
		3D8397072787A71700AA0A6F /* gb_iOSApp.swift in Sources */ = {isa = PBXBuildFile; fileRef = 3D8397062787A71700AA0A6F /* gb_iOSApp.swift */; };
		3D8397092787A71700AA0A6F /* ContentView.swift in Sources */ = {isa = PBXBuildFile; fileRef = 3D8397082787A71700AA0A6F /* ContentView.swift */; };
		3D83970B2787A71900AA0A6F /* Assets.xcassets in Resources */ = {isa = PBXBuildFile; fileRef = 3D83970A2787A71900AA0A6F /* Assets.xcassets */; };
		3D83970E2787A71900AA0A6F /* Preview Assets.xcassets in Resources */ = {isa = PBXBuildFile; fileRef = 3D83970D2787A71900AA0A6F /* Preview Assets.xcassets */; };
		3D8397182787A71900AA0A6F /* gb_iOSTests.swift in Sources */ = {isa = PBXBuildFile; fileRef = 3D8397172787A71900AA0A6F /* gb_iOSTests.swift */; };
		3D8397222787A71900AA0A6F /* gb_iOSUITests.swift in Sources */ = {isa = PBXBuildFile; fileRef = 3D8397212787A71900AA0A6F /* gb_iOSUITests.swift */; };
		3D8397242787A71900AA0A6F /* gb_iOSUITestsLaunchTests.swift in Sources */ = {isa = PBXBuildFile; fileRef = 3D8397232787A71900AA0A6F /* gb_iOSUITestsLaunchTests.swift */; };
		3D8397322787A73800AA0A6F /* cpu.swift in Sources */ = {isa = PBXBuildFile; fileRef = 3D8397312787A73800AA0A6F /* cpu.swift */; };
		3D8397342787A81E00AA0A6F /* mem.swift in Sources */ = {isa = PBXBuildFile; fileRef = 3D8397332787A81E00AA0A6F /* mem.swift */; };
		3D8397362787A94200AA0A6F /* emulator.swift in Sources */ = {isa = PBXBuildFile; fileRef = 3D8397352787A94200AA0A6F /* emulator.swift */; };
		3D8397382787ADA400AA0A6F /* extensions.swift in Sources */ = {isa = PBXBuildFile; fileRef = 3D8397372787ADA400AA0A6F /* extensions.swift */; };
		3DA761F4278B5CB90069182E /* tetris.gb in Resources */ = {isa = PBXBuildFile; fileRef = 3DA761F3278AF6F70069182E /* tetris.gb */; };
		3DA761F6278B7BB80069182E /* 06-ld r,r.gb in Resources */ = {isa = PBXBuildFile; fileRef = 3DA761F5278B7B950069182E /* 06-ld r,r.gb */; };
		3DADFB8A278CBD1600AD2C0C /* 07-jr,jp,call,ret,rst.gb in Resources */ = {isa = PBXBuildFile; fileRef = 3DADFB89278CBD1400AD2C0C /* 07-jr,jp,call,ret,rst.gb */; };
		3DADFB8C278CDE7200AD2C0C /* 04-op r,imm.gb in Resources */ = {isa = PBXBuildFile; fileRef = 3DADFB8B278CDE7000AD2C0C /* 04-op r,imm.gb */; };
		3DADFB8E278CE30800AD2C0C /* 05-op rp.gb in Resources */ = {isa = PBXBuildFile; fileRef = 3DADFB8D278CE30400AD2C0C /* 05-op rp.gb */; };
		3DADFB90278CE55500AD2C0C /* 08-misc instrs.gb in Resources */ = {isa = PBXBuildFile; fileRef = 3DADFB8F278CE55200AD2C0C /* 08-misc instrs.gb */; };
/* End PBXBuildFile section */

/* Begin PBXContainerItemProxy section */
		3D8397142787A71900AA0A6F /* PBXContainerItemProxy */ = {
			isa = PBXContainerItemProxy;
			containerPortal = 3D8396FB2787A71700AA0A6F /* Project object */;
			proxyType = 1;
			remoteGlobalIDString = 3D8397022787A71700AA0A6F;
			remoteInfo = gb.iOS;
		};
		3D83971E2787A71900AA0A6F /* PBXContainerItemProxy */ = {
			isa = PBXContainerItemProxy;
			containerPortal = 3D8396FB2787A71700AA0A6F /* Project object */;
			proxyType = 1;
			remoteGlobalIDString = 3D8397022787A71700AA0A6F;
			remoteInfo = gb.iOS;
		};
/* End PBXContainerItemProxy section */

/* Begin PBXFileReference section */
		3D8397032787A71700AA0A6F /* gb.iOS.app */ = {isa = PBXFileReference; explicitFileType = wrapper.application; includeInIndex = 0; path = gb.iOS.app; sourceTree = BUILT_PRODUCTS_DIR; };
		3D8397062787A71700AA0A6F /* gb_iOSApp.swift */ = {isa = PBXFileReference; lastKnownFileType = sourcecode.swift; path = gb_iOSApp.swift; sourceTree = "<group>"; };
		3D8397082787A71700AA0A6F /* ContentView.swift */ = {isa = PBXFileReference; lastKnownFileType = sourcecode.swift; path = ContentView.swift; sourceTree = "<group>"; };
		3D83970A2787A71900AA0A6F /* Assets.xcassets */ = {isa = PBXFileReference; lastKnownFileType = folder.assetcatalog; path = Assets.xcassets; sourceTree = "<group>"; };
		3D83970D2787A71900AA0A6F /* Preview Assets.xcassets */ = {isa = PBXFileReference; lastKnownFileType = folder.assetcatalog; path = "Preview Assets.xcassets"; sourceTree = "<group>"; };
		3D8397132787A71900AA0A6F /* gb.iOSTests.xctest */ = {isa = PBXFileReference; explicitFileType = wrapper.cfbundle; includeInIndex = 0; path = gb.iOSTests.xctest; sourceTree = BUILT_PRODUCTS_DIR; };
		3D8397172787A71900AA0A6F /* gb_iOSTests.swift */ = {isa = PBXFileReference; lastKnownFileType = sourcecode.swift; path = gb_iOSTests.swift; sourceTree = "<group>"; };
		3D83971D2787A71900AA0A6F /* gb.iOSUITests.xctest */ = {isa = PBXFileReference; explicitFileType = wrapper.cfbundle; includeInIndex = 0; path = gb.iOSUITests.xctest; sourceTree = BUILT_PRODUCTS_DIR; };
		3D8397212787A71900AA0A6F /* gb_iOSUITests.swift */ = {isa = PBXFileReference; lastKnownFileType = sourcecode.swift; path = gb_iOSUITests.swift; sourceTree = "<group>"; };
		3D8397232787A71900AA0A6F /* gb_iOSUITestsLaunchTests.swift */ = {isa = PBXFileReference; lastKnownFileType = sourcecode.swift; path = gb_iOSUITestsLaunchTests.swift; sourceTree = "<group>"; };
		3D8397312787A73800AA0A6F /* cpu.swift */ = {isa = PBXFileReference; lastKnownFileType = sourcecode.swift; path = cpu.swift; sourceTree = "<group>"; };
		3D8397332787A81E00AA0A6F /* mem.swift */ = {isa = PBXFileReference; lastKnownFileType = sourcecode.swift; path = mem.swift; sourceTree = "<group>"; };
		3D8397352787A94200AA0A6F /* emulator.swift */ = {isa = PBXFileReference; lastKnownFileType = sourcecode.swift; path = emulator.swift; sourceTree = "<group>"; };
		3D8397372787ADA400AA0A6F /* extensions.swift */ = {isa = PBXFileReference; lastKnownFileType = sourcecode.swift; path = extensions.swift; sourceTree = "<group>"; };
		3DA761F3278AF6F70069182E /* tetris.gb */ = {isa = PBXFileReference; lastKnownFileType = file; path = tetris.gb; sourceTree = "<group>"; };
		3DA761F5278B7B950069182E /* 06-ld r,r.gb */ = {isa = PBXFileReference; lastKnownFileType = file; path = "06-ld r,r.gb"; sourceTree = "<group>"; };
		3DADFB89278CBD1400AD2C0C /* 07-jr,jp,call,ret,rst.gb */ = {isa = PBXFileReference; lastKnownFileType = file; path = "07-jr,jp,call,ret,rst.gb"; sourceTree = "<group>"; };
		3DADFB8B278CDE7000AD2C0C /* 04-op r,imm.gb */ = {isa = PBXFileReference; lastKnownFileType = file; path = "04-op r,imm.gb"; sourceTree = "<group>"; };
		3DADFB8D278CE30400AD2C0C /* 05-op rp.gb */ = {isa = PBXFileReference; lastKnownFileType = file; path = "05-op rp.gb"; sourceTree = "<group>"; };
		3DADFB8F278CE55200AD2C0C /* 08-misc instrs.gb */ = {isa = PBXFileReference; lastKnownFileType = file; path = "08-misc instrs.gb"; sourceTree = "<group>"; };
/* End PBXFileReference section */

/* Begin PBXFrameworksBuildPhase section */
		3D8397002787A71700AA0A6F /* Frameworks */ = {
			isa = PBXFrameworksBuildPhase;
			buildActionMask = 2147483647;
			files = (
			);
			runOnlyForDeploymentPostprocessing = 0;
		};
		3D8397102787A71900AA0A6F /* Frameworks */ = {
			isa = PBXFrameworksBuildPhase;
			buildActionMask = 2147483647;
			files = (
			);
			runOnlyForDeploymentPostprocessing = 0;
		};
		3D83971A2787A71900AA0A6F /* Frameworks */ = {
			isa = PBXFrameworksBuildPhase;
			buildActionMask = 2147483647;
			files = (
			);
			runOnlyForDeploymentPostprocessing = 0;
		};
/* End PBXFrameworksBuildPhase section */

/* Begin PBXGroup section */
		3D8396FA2787A71700AA0A6F = {
			isa = PBXGroup;
			children = (
				3D8397052787A71700AA0A6F /* gb.iOS */,
				3D8397162787A71900AA0A6F /* gb.iOSTests */,
				3D8397202787A71900AA0A6F /* gb.iOSUITests */,
				3D8397042787A71700AA0A6F /* Products */,
			);
			sourceTree = "<group>";
		};
		3D8397042787A71700AA0A6F /* Products */ = {
			isa = PBXGroup;
			children = (
				3D8397032787A71700AA0A6F /* gb.iOS.app */,
				3D8397132787A71900AA0A6F /* gb.iOSTests.xctest */,
				3D83971D2787A71900AA0A6F /* gb.iOSUITests.xctest */,
			);
			name = Products;
			sourceTree = "<group>";
		};
		3D8397052787A71700AA0A6F /* gb.iOS */ = {
			isa = PBXGroup;
			children = (
				3DADFB8B278CDE7000AD2C0C /* 04-op r,imm.gb */,
				3DADFB8D278CE30400AD2C0C /* 05-op rp.gb */,
				3DA761F5278B7B950069182E /* 06-ld r,r.gb */,
				3DADFB89278CBD1400AD2C0C /* 07-jr,jp,call,ret,rst.gb */,
				3DADFB8F278CE55200AD2C0C /* 08-misc instrs.gb */,
				3DA761F3278AF6F70069182E /* tetris.gb */,
				3D8397062787A71700AA0A6F /* gb_iOSApp.swift */,
				3D8397082787A71700AA0A6F /* ContentView.swift */,
				3D8397312787A73800AA0A6F /* cpu.swift */,
				3D8397332787A81E00AA0A6F /* mem.swift */,
				3D8397352787A94200AA0A6F /* emulator.swift */,
				3D8397372787ADA400AA0A6F /* extensions.swift */,
				3D83970A2787A71900AA0A6F /* Assets.xcassets */,
				3D83970C2787A71900AA0A6F /* Preview Content */,
			);
			path = gb.iOS;
			sourceTree = "<group>";
		};
		3D83970C2787A71900AA0A6F /* Preview Content */ = {
			isa = PBXGroup;
			children = (
				3D83970D2787A71900AA0A6F /* Preview Assets.xcassets */,
			);
			path = "Preview Content";
			sourceTree = "<group>";
		};
		3D8397162787A71900AA0A6F /* gb.iOSTests */ = {
			isa = PBXGroup;
			children = (
				3D8397172787A71900AA0A6F /* gb_iOSTests.swift */,
			);
			path = gb.iOSTests;
			sourceTree = "<group>";
		};
		3D8397202787A71900AA0A6F /* gb.iOSUITests */ = {
			isa = PBXGroup;
			children = (
				3D8397212787A71900AA0A6F /* gb_iOSUITests.swift */,
				3D8397232787A71900AA0A6F /* gb_iOSUITestsLaunchTests.swift */,
			);
			path = gb.iOSUITests;
			sourceTree = "<group>";
		};
/* End PBXGroup section */

/* Begin PBXNativeTarget section */
		3D8397022787A71700AA0A6F /* gb.iOS */ = {
			isa = PBXNativeTarget;
			buildConfigurationList = 3D8397272787A71900AA0A6F /* Build configuration list for PBXNativeTarget "gb.iOS" */;
			buildPhases = (
				3D8396FF2787A71700AA0A6F /* Sources */,
				3D8397002787A71700AA0A6F /* Frameworks */,
				3D8397012787A71700AA0A6F /* Resources */,
			);
			buildRules = (
			);
			dependencies = (
			);
			name = gb.iOS;
			productName = gb.iOS;
			productReference = 3D8397032787A71700AA0A6F /* gb.iOS.app */;
			productType = "com.apple.product-type.application";
		};
		3D8397122787A71900AA0A6F /* gb.iOSTests */ = {
			isa = PBXNativeTarget;
			buildConfigurationList = 3D83972A2787A71900AA0A6F /* Build configuration list for PBXNativeTarget "gb.iOSTests" */;
			buildPhases = (
				3D83970F2787A71900AA0A6F /* Sources */,
				3D8397102787A71900AA0A6F /* Frameworks */,
				3D8397112787A71900AA0A6F /* Resources */,
			);
			buildRules = (
			);
			dependencies = (
				3D8397152787A71900AA0A6F /* PBXTargetDependency */,
			);
			name = gb.iOSTests;
			productName = gb.iOSTests;
			productReference = 3D8397132787A71900AA0A6F /* gb.iOSTests.xctest */;
			productType = "com.apple.product-type.bundle.unit-test";
		};
		3D83971C2787A71900AA0A6F /* gb.iOSUITests */ = {
			isa = PBXNativeTarget;
			buildConfigurationList = 3D83972D2787A71900AA0A6F /* Build configuration list for PBXNativeTarget "gb.iOSUITests" */;
			buildPhases = (
				3D8397192787A71900AA0A6F /* Sources */,
				3D83971A2787A71900AA0A6F /* Frameworks */,
				3D83971B2787A71900AA0A6F /* Resources */,
			);
			buildRules = (
			);
			dependencies = (
				3D83971F2787A71900AA0A6F /* PBXTargetDependency */,
			);
			name = gb.iOSUITests;
			productName = gb.iOSUITests;
			productReference = 3D83971D2787A71900AA0A6F /* gb.iOSUITests.xctest */;
			productType = "com.apple.product-type.bundle.ui-testing";
		};
/* End PBXNativeTarget section */

/* Begin PBXProject section */
		3D8396FB2787A71700AA0A6F /* Project object */ = {
			isa = PBXProject;
			attributes = {
				BuildIndependentTargetsInParallel = 1;
				LastSwiftUpdateCheck = 1310;
				LastUpgradeCheck = 1310;
				TargetAttributes = {
					3D8397022787A71700AA0A6F = {
						CreatedOnToolsVersion = 13.1;
					};
					3D8397122787A71900AA0A6F = {
						CreatedOnToolsVersion = 13.1;
						TestTargetID = 3D8397022787A71700AA0A6F;
					};
					3D83971C2787A71900AA0A6F = {
						CreatedOnToolsVersion = 13.1;
						TestTargetID = 3D8397022787A71700AA0A6F;
					};
				};
			};
			buildConfigurationList = 3D8396FE2787A71700AA0A6F /* Build configuration list for PBXProject "gb.iOS" */;
			compatibilityVersion = "Xcode 13.0";
			developmentRegion = en;
			hasScannedForEncodings = 0;
			knownRegions = (
				en,
				Base,
			);
			mainGroup = 3D8396FA2787A71700AA0A6F;
			productRefGroup = 3D8397042787A71700AA0A6F /* Products */;
			projectDirPath = "";
			projectRoot = "";
			targets = (
				3D8397022787A71700AA0A6F /* gb.iOS */,
				3D8397122787A71900AA0A6F /* gb.iOSTests */,
				3D83971C2787A71900AA0A6F /* gb.iOSUITests */,
			);
		};
/* End PBXProject section */

/* Begin PBXResourcesBuildPhase section */
		3D8397012787A71700AA0A6F /* Resources */ = {
			isa = PBXResourcesBuildPhase;
			buildActionMask = 2147483647;
			files = (
				3D83970E2787A71900AA0A6F /* Preview Assets.xcassets in Resources */,
				3D83970B2787A71900AA0A6F /* Assets.xcassets in Resources */,
				3DA761F6278B7BB80069182E /* 06-ld r,r.gb in Resources */,
				3DADFB8A278CBD1600AD2C0C /* 07-jr,jp,call,ret,rst.gb in Resources */,
				3DADFB90278CE55500AD2C0C /* 08-misc instrs.gb in Resources */,
				3DADFB8E278CE30800AD2C0C /* 05-op rp.gb in Resources */,
				3DADFB8C278CDE7200AD2C0C /* 04-op r,imm.gb in Resources */,
				3DA761F4278B5CB90069182E /* tetris.gb in Resources */,
			);
			runOnlyForDeploymentPostprocessing = 0;
		};
		3D8397112787A71900AA0A6F /* Resources */ = {
			isa = PBXResourcesBuildPhase;
			buildActionMask = 2147483647;
			files = (
			);
			runOnlyForDeploymentPostprocessing = 0;
		};
		3D83971B2787A71900AA0A6F /* Resources */ = {
			isa = PBXResourcesBuildPhase;
			buildActionMask = 2147483647;
			files = (
			);
			runOnlyForDeploymentPostprocessing = 0;
		};
/* End PBXResourcesBuildPhase section */

/* Begin PBXSourcesBuildPhase section */
		3D8396FF2787A71700AA0A6F /* Sources */ = {
			isa = PBXSourcesBuildPhase;
			buildActionMask = 2147483647;
			files = (
				3D8397322787A73800AA0A6F /* cpu.swift in Sources */,
				3D8397362787A94200AA0A6F /* emulator.swift in Sources */,
				3D8397092787A71700AA0A6F /* ContentView.swift in Sources */,
				3D8397072787A71700AA0A6F /* gb_iOSApp.swift in Sources */,
				3D8397342787A81E00AA0A6F /* mem.swift in Sources */,
				3D8397382787ADA400AA0A6F /* extensions.swift in Sources */,
			);
			runOnlyForDeploymentPostprocessing = 0;
		};
		3D83970F2787A71900AA0A6F /* Sources */ = {
			isa = PBXSourcesBuildPhase;
			buildActionMask = 2147483647;
			files = (
				3D8397182787A71900AA0A6F /* gb_iOSTests.swift in Sources */,
			);
			runOnlyForDeploymentPostprocessing = 0;
		};
		3D8397192787A71900AA0A6F /* Sources */ = {
			isa = PBXSourcesBuildPhase;
			buildActionMask = 2147483647;
			files = (
				3D8397222787A71900AA0A6F /* gb_iOSUITests.swift in Sources */,
				3D8397242787A71900AA0A6F /* gb_iOSUITestsLaunchTests.swift in Sources */,
			);
			runOnlyForDeploymentPostprocessing = 0;
		};
/* End PBXSourcesBuildPhase section */

/* Begin PBXTargetDependency section */
		3D8397152787A71900AA0A6F /* PBXTargetDependency */ = {
			isa = PBXTargetDependency;
			target = 3D8397022787A71700AA0A6F /* gb.iOS */;
			targetProxy = 3D8397142787A71900AA0A6F /* PBXContainerItemProxy */;
		};
		3D83971F2787A71900AA0A6F /* PBXTargetDependency */ = {
			isa = PBXTargetDependency;
			target = 3D8397022787A71700AA0A6F /* gb.iOS */;
			targetProxy = 3D83971E2787A71900AA0A6F /* PBXContainerItemProxy */;
		};
/* End PBXTargetDependency section */

/* Begin XCBuildConfiguration section */
		3D8397252787A71900AA0A6F /* Debug */ = {
			isa = XCBuildConfiguration;
			buildSettings = {
				ALWAYS_SEARCH_USER_PATHS = NO;
				CLANG_ANALYZER_NONNULL = YES;
				CLANG_ANALYZER_NUMBER_OBJECT_CONVERSION = YES_AGGRESSIVE;
				CLANG_CXX_LANGUAGE_STANDARD = "gnu++17";
				CLANG_CXX_LIBRARY = "libc++";
				CLANG_ENABLE_MODULES = YES;
				CLANG_ENABLE_OBJC_ARC = YES;
				CLANG_ENABLE_OBJC_WEAK = YES;
				CLANG_WARN_BLOCK_CAPTURE_AUTORELEASING = YES;
				CLANG_WARN_BOOL_CONVERSION = YES;
				CLANG_WARN_COMMA = YES;
				CLANG_WARN_CONSTANT_CONVERSION = YES;
				CLANG_WARN_DEPRECATED_OBJC_IMPLEMENTATIONS = YES;
				CLANG_WARN_DIRECT_OBJC_ISA_USAGE = YES_ERROR;
				CLANG_WARN_DOCUMENTATION_COMMENTS = YES;
				CLANG_WARN_EMPTY_BODY = YES;
				CLANG_WARN_ENUM_CONVERSION = YES;
				CLANG_WARN_INFINITE_RECURSION = YES;
				CLANG_WARN_INT_CONVERSION = YES;
				CLANG_WARN_NON_LITERAL_NULL_CONVERSION = YES;
				CLANG_WARN_OBJC_IMPLICIT_RETAIN_SELF = YES;
				CLANG_WARN_OBJC_LITERAL_CONVERSION = YES;
				CLANG_WARN_OBJC_ROOT_CLASS = YES_ERROR;
				CLANG_WARN_QUOTED_INCLUDE_IN_FRAMEWORK_HEADER = YES;
				CLANG_WARN_RANGE_LOOP_ANALYSIS = YES;
				CLANG_WARN_STRICT_PROTOTYPES = YES;
				CLANG_WARN_SUSPICIOUS_MOVE = YES;
				CLANG_WARN_UNGUARDED_AVAILABILITY = YES_AGGRESSIVE;
				CLANG_WARN_UNREACHABLE_CODE = YES;
				CLANG_WARN__DUPLICATE_METHOD_MATCH = YES;
				COPY_PHASE_STRIP = NO;
				DEBUG_INFORMATION_FORMAT = dwarf;
				ENABLE_STRICT_OBJC_MSGSEND = YES;
				ENABLE_TESTABILITY = YES;
				GCC_C_LANGUAGE_STANDARD = gnu11;
				GCC_DYNAMIC_NO_PIC = NO;
				GCC_NO_COMMON_BLOCKS = YES;
				GCC_OPTIMIZATION_LEVEL = 0;
				GCC_PREPROCESSOR_DEFINITIONS = (
					"DEBUG=1",
					"$(inherited)",
				);
				GCC_WARN_64_TO_32_BIT_CONVERSION = YES;
				GCC_WARN_ABOUT_RETURN_TYPE = YES_ERROR;
				GCC_WARN_UNDECLARED_SELECTOR = YES;
				GCC_WARN_UNINITIALIZED_AUTOS = YES_AGGRESSIVE;
				GCC_WARN_UNUSED_FUNCTION = YES;
				GCC_WARN_UNUSED_VARIABLE = YES;
				IPHONEOS_DEPLOYMENT_TARGET = 14.0;
				MTL_ENABLE_DEBUG_INFO = INCLUDE_SOURCE;
				MTL_FAST_MATH = YES;
				ONLY_ACTIVE_ARCH = YES;
				SDKROOT = iphoneos;
				SWIFT_ACTIVE_COMPILATION_CONDITIONS = DEBUG;
				SWIFT_OPTIMIZATION_LEVEL = "-Onone";
			};
			name = Debug;
		};
		3D8397262787A71900AA0A6F /* Release */ = {
			isa = XCBuildConfiguration;
			buildSettings = {
				ALWAYS_SEARCH_USER_PATHS = NO;
				CLANG_ANALYZER_NONNULL = YES;
				CLANG_ANALYZER_NUMBER_OBJECT_CONVERSION = YES_AGGRESSIVE;
				CLANG_CXX_LANGUAGE_STANDARD = "gnu++17";
				CLANG_CXX_LIBRARY = "libc++";
				CLANG_ENABLE_MODULES = YES;
				CLANG_ENABLE_OBJC_ARC = YES;
				CLANG_ENABLE_OBJC_WEAK = YES;
				CLANG_WARN_BLOCK_CAPTURE_AUTORELEASING = YES;
				CLANG_WARN_BOOL_CONVERSION = YES;
				CLANG_WARN_COMMA = YES;
				CLANG_WARN_CONSTANT_CONVERSION = YES;
				CLANG_WARN_DEPRECATED_OBJC_IMPLEMENTATIONS = YES;
				CLANG_WARN_DIRECT_OBJC_ISA_USAGE = YES_ERROR;
				CLANG_WARN_DOCUMENTATION_COMMENTS = YES;
				CLANG_WARN_EMPTY_BODY = YES;
				CLANG_WARN_ENUM_CONVERSION = YES;
				CLANG_WARN_INFINITE_RECURSION = YES;
				CLANG_WARN_INT_CONVERSION = YES;
				CLANG_WARN_NON_LITERAL_NULL_CONVERSION = YES;
				CLANG_WARN_OBJC_IMPLICIT_RETAIN_SELF = YES;
				CLANG_WARN_OBJC_LITERAL_CONVERSION = YES;
				CLANG_WARN_OBJC_ROOT_CLASS = YES_ERROR;
				CLANG_WARN_QUOTED_INCLUDE_IN_FRAMEWORK_HEADER = YES;
				CLANG_WARN_RANGE_LOOP_ANALYSIS = YES;
				CLANG_WARN_STRICT_PROTOTYPES = YES;
				CLANG_WARN_SUSPICIOUS_MOVE = YES;
				CLANG_WARN_UNGUARDED_AVAILABILITY = YES_AGGRESSIVE;
				CLANG_WARN_UNREACHABLE_CODE = YES;
				CLANG_WARN__DUPLICATE_METHOD_MATCH = YES;
				COPY_PHASE_STRIP = NO;
				DEBUG_INFORMATION_FORMAT = "dwarf-with-dsym";
				ENABLE_NS_ASSERTIONS = NO;
				ENABLE_STRICT_OBJC_MSGSEND = YES;
				GCC_C_LANGUAGE_STANDARD = gnu11;
				GCC_NO_COMMON_BLOCKS = YES;
				GCC_WARN_64_TO_32_BIT_CONVERSION = YES;
				GCC_WARN_ABOUT_RETURN_TYPE = YES_ERROR;
				GCC_WARN_UNDECLARED_SELECTOR = YES;
				GCC_WARN_UNINITIALIZED_AUTOS = YES_AGGRESSIVE;
				GCC_WARN_UNUSED_FUNCTION = YES;
				GCC_WARN_UNUSED_VARIABLE = YES;
				IPHONEOS_DEPLOYMENT_TARGET = 14.0;
				MTL_ENABLE_DEBUG_INFO = NO;
				MTL_FAST_MATH = YES;
				SDKROOT = iphoneos;
				SWIFT_COMPILATION_MODE = wholemodule;
				SWIFT_OPTIMIZATION_LEVEL = "-O";
				VALIDATE_PRODUCT = YES;
			};
			name = Release;
		};
		3D8397282787A71900AA0A6F /* Debug */ = {
			isa = XCBuildConfiguration;
			buildSettings = {
				ASSETCATALOG_COMPILER_APPICON_NAME = AppIcon;
				ASSETCATALOG_COMPILER_GLOBAL_ACCENT_COLOR_NAME = AccentColor;
				CODE_SIGN_STYLE = Automatic;
				CURRENT_PROJECT_VERSION = 1;
				DEVELOPMENT_ASSET_PATHS = "\"gb.iOS/Preview Content\"";
				DEVELOPMENT_TEAM = 28D66FZKZF;
				ENABLE_PREVIEWS = YES;
				GENERATE_INFOPLIST_FILE = YES;
				INFOPLIST_KEY_UIApplicationSceneManifest_Generation = YES;
				INFOPLIST_KEY_UIApplicationSupportsIndirectInputEvents = YES;
				INFOPLIST_KEY_UILaunchScreen_Generation = YES;
				INFOPLIST_KEY_UISupportedInterfaceOrientations_iPad = "UIInterfaceOrientationPortrait UIInterfaceOrientationPortraitUpsideDown UIInterfaceOrientationLandscapeLeft UIInterfaceOrientationLandscapeRight";
				INFOPLIST_KEY_UISupportedInterfaceOrientations_iPhone = "UIInterfaceOrientationPortrait UIInterfaceOrientationLandscapeLeft UIInterfaceOrientationLandscapeRight";
				LD_RUNPATH_SEARCH_PATHS = (
					"$(inherited)",
					"@executable_path/Frameworks",
				);
				MARKETING_VERSION = 1.0;
				PRODUCT_BUNDLE_IDENTIFIER = "com.lilaq.gb-iOS";
				PRODUCT_NAME = "$(TARGET_NAME)";
				SWIFT_EMIT_LOC_STRINGS = YES;
				SWIFT_VERSION = 5.0;
				TARGETED_DEVICE_FAMILY = "1,2";
			};
			name = Debug;
		};
		3D8397292787A71900AA0A6F /* Release */ = {
			isa = XCBuildConfiguration;
			buildSettings = {
				ASSETCATALOG_COMPILER_APPICON_NAME = AppIcon;
				ASSETCATALOG_COMPILER_GLOBAL_ACCENT_COLOR_NAME = AccentColor;
				CODE_SIGN_STYLE = Automatic;
				CURRENT_PROJECT_VERSION = 1;
				DEVELOPMENT_ASSET_PATHS = "\"gb.iOS/Preview Content\"";
				DEVELOPMENT_TEAM = 28D66FZKZF;
				ENABLE_PREVIEWS = YES;
				GENERATE_INFOPLIST_FILE = YES;
				INFOPLIST_KEY_UIApplicationSceneManifest_Generation = YES;
				INFOPLIST_KEY_UIApplicationSupportsIndirectInputEvents = YES;
				INFOPLIST_KEY_UILaunchScreen_Generation = YES;
				INFOPLIST_KEY_UISupportedInterfaceOrientations_iPad = "UIInterfaceOrientationPortrait UIInterfaceOrientationPortraitUpsideDown UIInterfaceOrientationLandscapeLeft UIInterfaceOrientationLandscapeRight";
				INFOPLIST_KEY_UISupportedInterfaceOrientations_iPhone = "UIInterfaceOrientationPortrait UIInterfaceOrientationLandscapeLeft UIInterfaceOrientationLandscapeRight";
				LD_RUNPATH_SEARCH_PATHS = (
					"$(inherited)",
					"@executable_path/Frameworks",
				);
				MARKETING_VERSION = 1.0;
				PRODUCT_BUNDLE_IDENTIFIER = "com.lilaq.gb-iOS";
				PRODUCT_NAME = "$(TARGET_NAME)";
				SWIFT_EMIT_LOC_STRINGS = YES;
				SWIFT_VERSION = 5.0;
				TARGETED_DEVICE_FAMILY = "1,2";
			};
			name = Release;
		};
		3D83972B2787A71900AA0A6F /* Debug */ = {
			isa = XCBuildConfiguration;
			buildSettings = {
				ALWAYS_EMBED_SWIFT_STANDARD_LIBRARIES = YES;
				BUNDLE_LOADER = "$(TEST_HOST)";
				CODE_SIGN_STYLE = Automatic;
				CURRENT_PROJECT_VERSION = 1;
				DEVELOPMENT_TEAM = 28D66FZKZF;
				GENERATE_INFOPLIST_FILE = YES;
				IPHONEOS_DEPLOYMENT_TARGET = 15.0;
				LD_RUNPATH_SEARCH_PATHS = (
					"$(inherited)",
					"@executable_path/Frameworks",
					"@loader_path/Frameworks",
				);
				MARKETING_VERSION = 1.0;
				PRODUCT_BUNDLE_IDENTIFIER = "com.lilaq.gb-iOSTests";
				PRODUCT_NAME = "$(TARGET_NAME)";
				SWIFT_EMIT_LOC_STRINGS = NO;
				SWIFT_VERSION = 5.0;
				TARGETED_DEVICE_FAMILY = "1,2";
				TEST_HOST = "$(BUILT_PRODUCTS_DIR)/gb.iOS.app/gb.iOS";
			};
			name = Debug;
		};
		3D83972C2787A71900AA0A6F /* Release */ = {
			isa = XCBuildConfiguration;
			buildSettings = {
				ALWAYS_EMBED_SWIFT_STANDARD_LIBRARIES = YES;
				BUNDLE_LOADER = "$(TEST_HOST)";
				CODE_SIGN_STYLE = Automatic;
				CURRENT_PROJECT_VERSION = 1;
				DEVELOPMENT_TEAM = 28D66FZKZF;
				GENERATE_INFOPLIST_FILE = YES;
				IPHONEOS_DEPLOYMENT_TARGET = 15.0;
				LD_RUNPATH_SEARCH_PATHS = (
					"$(inherited)",
					"@executable_path/Frameworks",
					"@loader_path/Frameworks",
				);
				MARKETING_VERSION = 1.0;
				PRODUCT_BUNDLE_IDENTIFIER = "com.lilaq.gb-iOSTests";
				PRODUCT_NAME = "$(TARGET_NAME)";
				SWIFT_EMIT_LOC_STRINGS = NO;
				SWIFT_VERSION = 5.0;
				TARGETED_DEVICE_FAMILY = "1,2";
				TEST_HOST = "$(BUILT_PRODUCTS_DIR)/gb.iOS.app/gb.iOS";
			};
			name = Release;
		};
		3D83972E2787A71900AA0A6F /* Debug */ = {
			isa = XCBuildConfiguration;
			buildSettings = {
				ALWAYS_EMBED_SWIFT_STANDARD_LIBRARIES = YES;
				CODE_SIGN_STYLE = Automatic;
				CURRENT_PROJECT_VERSION = 1;
				DEVELOPMENT_TEAM = 28D66FZKZF;
				GENERATE_INFOPLIST_FILE = YES;
				LD_RUNPATH_SEARCH_PATHS = (
					"$(inherited)",
					"@executable_path/Frameworks",
					"@loader_path/Frameworks",
				);
				MARKETING_VERSION = 1.0;
				PRODUCT_BUNDLE_IDENTIFIER = "com.lilaq.gb-iOSUITests";
				PRODUCT_NAME = "$(TARGET_NAME)";
				SWIFT_EMIT_LOC_STRINGS = NO;
				SWIFT_VERSION = 5.0;
				TARGETED_DEVICE_FAMILY = "1,2";
				TEST_TARGET_NAME = gb.iOS;
			};
			name = Debug;
		};
		3D83972F2787A71900AA0A6F /* Release */ = {
			isa = XCBuildConfiguration;
			buildSettings = {
				ALWAYS_EMBED_SWIFT_STANDARD_LIBRARIES = YES;
				CODE_SIGN_STYLE = Automatic;
				CURRENT_PROJECT_VERSION = 1;
				DEVELOPMENT_TEAM = 28D66FZKZF;
				GENERATE_INFOPLIST_FILE = YES;
				LD_RUNPATH_SEARCH_PATHS = (
					"$(inherited)",
					"@executable_path/Frameworks",
					"@loader_path/Frameworks",
				);
				MARKETING_VERSION = 1.0;
				PRODUCT_BUNDLE_IDENTIFIER = "com.lilaq.gb-iOSUITests";
				PRODUCT_NAME = "$(TARGET_NAME)";
				SWIFT_EMIT_LOC_STRINGS = NO;
				SWIFT_VERSION = 5.0;
				TARGETED_DEVICE_FAMILY = "1,2";
				TEST_TARGET_NAME = gb.iOS;
			};
			name = Release;
		};
/* End XCBuildConfiguration section */

/* Begin XCConfigurationList section */
		3D8396FE2787A71700AA0A6F /* Build configuration list for PBXProject "gb.iOS" */ = {
			isa = XCConfigurationList;
			buildConfigurations = (
				3D8397252787A71900AA0A6F /* Debug */,
				3D8397262787A71900AA0A6F /* Release */,
			);
			defaultConfigurationIsVisible = 0;
			defaultConfigurationName = Release;
		};
		3D8397272787A71900AA0A6F /* Build configuration list for PBXNativeTarget "gb.iOS" */ = {
			isa = XCConfigurationList;
			buildConfigurations = (
				3D8397282787A71900AA0A6F /* Debug */,
				3D8397292787A71900AA0A6F /* Release */,
			);
			defaultConfigurationIsVisible = 0;
			defaultConfigurationName = Release;
		};
		3D83972A2787A71900AA0A6F /* Build configuration list for PBXNativeTarget "gb.iOSTests" */ = {
			isa = XCConfigurationList;
			buildConfigurations = (
				3D83972B2787A71900AA0A6F /* Debug */,
				3D83972C2787A71900AA0A6F /* Release */,
			);
			defaultConfigurationIsVisible = 0;
			defaultConfigurationName = Release;
		};
		3D83972D2787A71900AA0A6F /* Build configuration list for PBXNativeTarget "gb.iOSUITests" */ = {
			isa = XCConfigurationList;
			buildConfigurations = (
				3D83972E2787A71900AA0A6F /* Debug */,
				3D83972F2787A71900AA0A6F /* Release */,
			);
			defaultConfigurationIsVisible = 0;
			defaultConfigurationName = Release;
		};
/* End XCConfigurationList section */
	};
	rootObject = 3D8396FB2787A71700AA0A6F /* Project object */;
}
